PODS:
  - CTAssetsPickerController (2.9.5)
  - HSDatePickerViewController (1.0.4)

DEPENDENCIES:
  - CTAssetsPickerController (~> 2.9.0)
  - HSDatePickerViewController (~> 1.0)

SPEC CHECKSUMS:
  CTAssetsPickerController: b413fece2194ae3dbf22fbc544cf6f2a6d516a4d
  HSDatePickerViewController: 5a72b71f8c3b10e76f2c28a898f8572b551432a6

PODFILE CHECKSUM: 6539b15a567f5e3bfdef12a2b4eaf397131bd74a

COCOAPODS: 1.2.0
