// !$*UTF8*$!
{
	archiveVersion = 1;
	classes = {
	};
	objectVersion = 46;
	objects = {

/* Begin PBXBuildFile section */
		043CD39948295218BC92B8EB /* libPods-ZZToolbarTests.a in Frameworks */ = {isa = PBXBuildFile; fileRef = 050864BAB356E5985C201782 /* libPods-ZZToolbarTests.a */; };
		9563BFA81B2E66CF002E7D37 /* main.m in Sources */ = {isa = PBXBuildFile; fileRef = 9563BFA71B2E66CF002E7D37 /* main.m */; };
		9563BFAB1B2E66CF002E7D37 /* AppDelegate.m in Sources */ = {isa = PBXBuildFile; fileRef = 9563BFAA1B2E66CF002E7D37 /* AppDelegate.m */; };
		9563BFB31B2E66CF002E7D37 /* Images.xcassets in Resources */ = {isa = PBXBuildFile; fileRef = 9563BFB21B2E66CF002E7D37 /* Images.xcassets */; };
		9563BFB61B2E66CF002E7D37 /* LaunchScreen.xib in Resources */ = {isa = PBXBuildFile; fileRef = 9563BFB41B2E66CF002E7D37 /* LaunchScreen.xib */; };
		9563BFC21B2E66D0002E7D37 /* ZZToolbarTests.m in Sources */ = {isa = PBXBuildFile; fileRef = 9563BFC11B2E66D0002E7D37 /* ZZToolbarTests.m */; };
		9563BFD31B2E73C9002E7D37 /* ZZEditViewController.m in Sources */ = {isa = PBXBuildFile; fileRef = 9563BFD21B2E73C9002E7D37 /* ZZEditViewController.m */; };
		9563BFD51B2E73D9002E7D37 /* ZZToolbar.xib in Resources */ = {isa = PBXBuildFile; fileRef = 9563BFD41B2E73D9002E7D37 /* ZZToolbar.xib */; };
		9563BFD81B2E7455002E7D37 /* ZZToolbar.m in Sources */ = {isa = PBXBuildFile; fileRef = 9563BFD71B2E7455002E7D37 /* ZZToolbar.m */; };
		C5F5FD820B923CA9FCFD014D /* libPods-ZZToolbar.a in Frameworks */ = {isa = PBXBuildFile; fileRef = B0AF9674C802F4C4A67CF6D7 /* libPods-ZZToolbar.a */; };
/* End PBXBuildFile section */

/* Begin PBXContainerItemProxy section */
		9563BFBC1B2E66CF002E7D37 /* PBXContainerItemProxy */ = {
			isa = PBXContainerItemProxy;
			containerPortal = 9563BF9A1B2E66CF002E7D37 /* Project object */;
			proxyType = 1;
			remoteGlobalIDString = 9563BFA11B2E66CF002E7D37;
			remoteInfo = ZZToolbar;
		};
/* End PBXContainerItemProxy section */

/* Begin PBXFileReference section */
		050864BAB356E5985C201782 /* libPods-ZZToolbarTests.a */ = {isa = PBXFileReference; explicitFileType = archive.ar; includeInIndex = 0; path = "libPods-ZZToolbarTests.a"; sourceTree = BUILT_PRODUCTS_DIR; };
		9563BFA21B2E66CF002E7D37 /* ZZToolbar.app */ = {isa = PBXFileReference; explicitFileType = wrapper.application; includeInIndex = 0; path = ZZToolbar.app; sourceTree = BUILT_PRODUCTS_DIR; };
		9563BFA61B2E66CF002E7D37 /* Info.plist */ = {isa = PBXFileReference; lastKnownFileType = text.plist.xml; path = Info.plist; sourceTree = "<group>"; };
		9563BFA71B2E66CF002E7D37 /* main.m */ = {isa = PBXFileReference; lastKnownFileType = sourcecode.c.objc; path = main.m; sourceTree = "<group>"; };
		9563BFA91B2E66CF002E7D37 /* AppDelegate.h */ = {isa = PBXFileReference; lastKnownFileType = sourcecode.c.h; path = AppDelegate.h; sourceTree = "<group>"; };
		9563BFAA1B2E66CF002E7D37 /* AppDelegate.m */ = {isa = PBXFileReference; lastKnownFileType = sourcecode.c.objc; path = AppDelegate.m; sourceTree = "<group>"; };
		9563BFB21B2E66CF002E7D37 /* Images.xcassets */ = {isa = PBXFileReference; lastKnownFileType = folder.assetcatalog; path = Images.xcassets; sourceTree = "<group>"; };
		9563BFB51B2E66CF002E7D37 /* Base */ = {isa = PBXFileReference; lastKnownFileType = file.xib; name = Base; path = Base.lproj/LaunchScreen.xib; sourceTree = "<group>"; };
		9563BFBB1B2E66CF002E7D37 /* ZZToolbarTests.xctest */ = {isa = PBXFileReference; explicitFileType = wrapper.cfbundle; includeInIndex = 0; path = ZZToolbarTests.xctest; sourceTree = BUILT_PRODUCTS_DIR; };
		9563BFC01B2E66CF002E7D37 /* Info.plist */ = {isa = PBXFileReference; lastKnownFileType = text.plist.xml; path = Info.plist; sourceTree = "<group>"; };
		9563BFC11B2E66D0002E7D37 /* ZZToolbarTests.m */ = {isa = PBXFileReference; lastKnownFileType = sourcecode.c.objc; path = ZZToolbarTests.m; sourceTree = "<group>"; };
		9563BFD11B2E73C9002E7D37 /* ZZEditViewController.h */ = {isa = PBXFileReference; fileEncoding = 4; lastKnownFileType = sourcecode.c.h; path = ZZEditViewController.h; sourceTree = "<group>"; };
		9563BFD21B2E73C9002E7D37 /* ZZEditViewController.m */ = {isa = PBXFileReference; fileEncoding = 4; lastKnownFileType = sourcecode.c.objc; path = ZZEditViewController.m; sourceTree = "<group>"; };
		9563BFD41B2E73D9002E7D37 /* ZZToolbar.xib */ = {isa = PBXFileReference; fileEncoding = 4; lastKnownFileType = file.xib; path = ZZToolbar.xib; sourceTree = "<group>"; };
		9563BFD61B2E7455002E7D37 /* ZZToolbar.h */ = {isa = PBXFileReference; fileEncoding = 4; lastKnownFileType = sourcecode.c.h; path = ZZToolbar.h; sourceTree = "<group>"; };
		9563BFD71B2E7455002E7D37 /* ZZToolbar.m */ = {isa = PBXFileReference; fileEncoding = 4; lastKnownFileType = sourcecode.c.objc; path = ZZToolbar.m; sourceTree = "<group>"; };
		A829D945EEAA2C1015DF1C2C /* Pods-ZZToolbar.debug.xcconfig */ = {isa = PBXFileReference; includeInIndex = 1; lastKnownFileType = text.xcconfig; name = "Pods-ZZToolbar.debug.xcconfig"; path = "Pods/Target Support Files/Pods-ZZToolbar/Pods-ZZToolbar.debug.xcconfig"; sourceTree = "<group>"; };
		B0AF9674C802F4C4A67CF6D7 /* libPods-ZZToolbar.a */ = {isa = PBXFileReference; explicitFileType = archive.ar; includeInIndex = 0; path = "libPods-ZZToolbar.a"; sourceTree = BUILT_PRODUCTS_DIR; };
		B59BEFDFC5E671A455E3BBE6 /* Pods-ZZToolbarTests.debug.xcconfig */ = {isa = PBXFileReference; includeInIndex = 1; lastKnownFileType = text.xcconfig; name = "Pods-ZZToolbarTests.debug.xcconfig"; path = "Pods/Target Support Files/Pods-ZZToolbarTests/Pods-ZZToolbarTests.debug.xcconfig"; sourceTree = "<group>"; };
		C700EFE0227B047CF3742B89 /* Pods-ZZToolbarTests.release.xcconfig */ = {isa = PBXFileReference; includeInIndex = 1; lastKnownFileType = text.xcconfig; name = "Pods-ZZToolbarTests.release.xcconfig"; path = "Pods/Target Support Files/Pods-ZZToolbarTests/Pods-ZZToolbarTests.release.xcconfig"; sourceTree = "<group>"; };
		D36C3A35863F2640CD751941 /* Pods-ZZToolbar.release.xcconfig */ = {isa = PBXFileReference; includeInIndex = 1; lastKnownFileType = text.xcconfig; name = "Pods-ZZToolbar.release.xcconfig"; path = "Pods/Target Support Files/Pods-ZZToolbar/Pods-ZZToolbar.release.xcconfig"; sourceTree = "<group>"; };
/* End PBXFileReference section */

/* Begin PBXFrameworksBuildPhase section */
		9563BF9F1B2E66CF002E7D37 /* Frameworks */ = {
			isa = PBXFrameworksBuildPhase;
			buildActionMask = 2147483647;
			files = (
				C5F5FD820B923CA9FCFD014D /* libPods-ZZToolbar.a in Frameworks */,
			);
			runOnlyForDeploymentPostprocessing = 0;
		};
		9563BFB81B2E66CF002E7D37 /* Frameworks */ = {
			isa = PBXFrameworksBuildPhase;
			buildActionMask = 2147483647;
			files = (
				043CD39948295218BC92B8EB /* libPods-ZZToolbarTests.a in Frameworks */,
			);
			runOnlyForDeploymentPostprocessing = 0;
		};
/* End PBXFrameworksBuildPhase section */

/* Begin PBXGroup section */
		8A36FEC6DDDAA71D76AF5931 /* Pods */ = {
			isa = PBXGroup;
			children = (
				A829D945EEAA2C1015DF1C2C /* Pods-ZZToolbar.debug.xcconfig */,
				D36C3A35863F2640CD751941 /* Pods-ZZToolbar.release.xcconfig */,
				B59BEFDFC5E671A455E3BBE6 /* Pods-ZZToolbarTests.debug.xcconfig */,
				C700EFE0227B047CF3742B89 /* Pods-ZZToolbarTests.release.xcconfig */,
			);
			name = Pods;
			sourceTree = "<group>";
		};
		9563BF991B2E66CF002E7D37 = {
			isa = PBXGroup;
			children = (
				9563BFA41B2E66CF002E7D37 /* ZZToolbar */,
				9563BFBE1B2E66CF002E7D37 /* ZZToolbarTests */,
				9563BFA31B2E66CF002E7D37 /* Products */,
				8A36FEC6DDDAA71D76AF5931 /* Pods */,
				B00A40779F847561639F0CC0 /* Frameworks */,
			);
			sourceTree = "<group>";
		};
		9563BFA31B2E66CF002E7D37 /* Products */ = {
			isa = PBXGroup;
			children = (
				9563BFA21B2E66CF002E7D37 /* ZZToolbar.app */,
				9563BFBB1B2E66CF002E7D37 /* ZZToolbarTests.xctest */,
			);
			name = Products;
			sourceTree = "<group>";
		};
		9563BFA41B2E66CF002E7D37 /* ZZToolbar */ = {
			isa = PBXGroup;
			children = (
				9563BFA91B2E66CF002E7D37 /* AppDelegate.h */,
				9563BFAA1B2E66CF002E7D37 /* AppDelegate.m */,
				9563BFD11B2E73C9002E7D37 /* ZZEditViewController.h */,
				9563BFD21B2E73C9002E7D37 /* ZZEditViewController.m */,
				9563BFD61B2E7455002E7D37 /* ZZToolbar.h */,
				9563BFD71B2E7455002E7D37 /* ZZToolbar.m */,
				9563BFD41B2E73D9002E7D37 /* ZZToolbar.xib */,
				9563BFA51B2E66CF002E7D37 /* Supporting Files */,
			);
			path = ZZToolbar;
			sourceTree = "<group>";
		};
		9563BFA51B2E66CF002E7D37 /* Supporting Files */ = {
			isa = PBXGroup;
			children = (
				9563BFB21B2E66CF002E7D37 /* Images.xcassets */,
				9563BFB41B2E66CF002E7D37 /* LaunchScreen.xib */,
				9563BFA61B2E66CF002E7D37 /* Info.plist */,
				9563BFA71B2E66CF002E7D37 /* main.m */,
			);
			name = "Supporting Files";
			sourceTree = "<group>";
		};
		9563BFBE1B2E66CF002E7D37 /* ZZToolbarTests */ = {
			isa = PBXGroup;
			children = (
				9563BFC11B2E66D0002E7D37 /* ZZToolbarTests.m */,
				9563BFBF1B2E66CF002E7D37 /* Supporting Files */,
			);
			path = ZZToolbarTests;
			sourceTree = "<group>";
		};
		9563BFBF1B2E66CF002E7D37 /* Supporting Files */ = {
			isa = PBXGroup;
			children = (
				9563BFC01B2E66CF002E7D37 /* Info.plist */,
			);
			name = "Supporting Files";
			sourceTree = "<group>";
		};
		B00A40779F847561639F0CC0 /* Frameworks */ = {
			isa = PBXGroup;
			children = (
				B0AF9674C802F4C4A67CF6D7 /* libPods-ZZToolbar.a */,
				050864BAB356E5985C201782 /* libPods-ZZToolbarTests.a */,
			);
			name = Frameworks;
			sourceTree = "<group>";
		};
/* End PBXGroup section */

/* Begin PBXNativeTarget section */
		9563BFA11B2E66CF002E7D37 /* ZZToolbar */ = {
			isa = PBXNativeTarget;
			buildConfigurationList = 9563BFC51B2E66D0002E7D37 /* Build configuration list for PBXNativeTarget "ZZToolbar" */;
			buildPhases = (
				5BC7C1936D149E7D163C7009 /* [CP] Check Pods Manifest.lock */,
				9563BF9E1B2E66CF002E7D37 /* Sources */,
				9563BF9F1B2E66CF002E7D37 /* Frameworks */,
				9563BFA01B2E66CF002E7D37 /* Resources */,
				7CA8264F613588BAF4A7AE35 /* [CP] Embed Pods Frameworks */,
				B127722FB8CB2065CB828F55 /* [CP] Copy Pods Resources */,
			);
			buildRules = (
			);
			dependencies = (
			);
			name = ZZToolbar;
			productName = ZZToolbar;
			productReference = 9563BFA21B2E66CF002E7D37 /* ZZToolbar.app */;
			productType = "com.apple.product-type.application";
		};
		9563BFBA1B2E66CF002E7D37 /* ZZToolbarTests */ = {
			isa = PBXNativeTarget;
			buildConfigurationList = 9563BFC81B2E66D0002E7D37 /* Build configuration list for PBXNativeTarget "ZZToolbarTests" */;
			buildPhases = (
				238D4C5E1100E362636F7078 /* [CP] Check Pods Manifest.lock */,
				9563BFB71B2E66CF002E7D37 /* Sources */,
				9563BFB81B2E66CF002E7D37 /* Frameworks */,
				9563BFB91B2E66CF002E7D37 /* Resources */,
				ACD822DB10BAFAE0DB09793B /* [CP] Embed Pods Frameworks */,
				CB89AAE5C789340C5EC38A97 /* [CP] Copy Pods Resources */,
			);
			buildRules = (
			);
			dependencies = (
				9563BFBD1B2E66CF002E7D37 /* PBXTargetDependency */,
			);
			name = ZZToolbarTests;
			productName = ZZToolbarTests;
			productReference = 9563BFBB1B2E66CF002E7D37 /* ZZToolbarTests.xctest */;
			productType = "com.apple.product-type.bundle.unit-test";
		};
/* End PBXNativeTarget section */

/* Begin PBXProject section */
		9563BF9A1B2E66CF002E7D37 /* Project object */ = {
			isa = PBXProject;
			attributes = {
				LastUpgradeCheck = 0630;
				ORGANIZATIONNAME = Zchan;
				TargetAttributes = {
					9563BFA11B2E66CF002E7D37 = {
						CreatedOnToolsVersion = 6.3.1;
					};
					9563BFBA1B2E66CF002E7D37 = {
						CreatedOnToolsVersion = 6.3.1;
						TestTargetID = 9563BFA11B2E66CF002E7D37;
					};
				};
			};
			buildConfigurationList = 9563BF9D1B2E66CF002E7D37 /* Build configuration list for PBXProject "ZZToolbar" */;
			compatibilityVersion = "Xcode 3.2";
			developmentRegion = English;
			hasScannedForEncodings = 0;
			knownRegions = (
				en,
				Base,
				ar,
				da,
				de,
				"es-MX",
				es,
				fi,
				fr,
				he,
				"hi-IN",
				id,
				it,
				ja,
				ko,
				"pt-PT",
				pt,
				ru,
				"zh-Hans",
				"zh-Hant",
			);
			mainGroup = 9563BF991B2E66CF002E7D37;
			productRefGroup = 9563BFA31B2E66CF002E7D37 /* Products */;
			projectDirPath = "";
			projectRoot = "";
			targets = (
				9563BFA11B2E66CF002E7D37 /* ZZToolbar */,
				9563BFBA1B2E66CF002E7D37 /* ZZToolbarTests */,
			);
		};
/* End PBXProject section */

/* Begin PBXResourcesBuildPhase section */
		9563BFA01B2E66CF002E7D37 /* Resources */ = {
			isa = PBXResourcesBuildPhase;
			buildActionMask = 2147483647;
			files = (
				9563BFB61B2E66CF002E7D37 /* LaunchScreen.xib in Resources */,
				9563BFB31B2E66CF002E7D37 /* Images.xcassets in Resources */,
				9563BFD51B2E73D9002E7D37 /* ZZToolbar.xib in Resources */,
			);
			runOnlyForDeploymentPostprocessing = 0;
		};
		9563BFB91B2E66CF002E7D37 /* Resources */ = {
			isa = PBXResourcesBuildPhase;
			buildActionMask = 2147483647;
			files = (
			);
			runOnlyForDeploymentPostprocessing = 0;
		};
/* End PBXResourcesBuildPhase section */

/* Begin PBXShellScriptBuildPhase section */
		238D4C5E1100E362636F7078 /* [CP] Check Pods Manifest.lock */ = {
			isa = PBXShellScriptBuildPhase;
			buildActionMask = 2147483647;
			files = (
			);
			inputPaths = (
			);
			name = "[CP] Check Pods Manifest.lock";
			outputPaths = (
			);
			runOnlyForDeploymentPostprocessing = 0;
			shellPath = /bin/sh;
			shellScript = "diff \"${PODS_ROOT}/../Podfile.lock\" \"${PODS_ROOT}/Manifest.lock\" > /dev/null\nif [ $? != 0 ] ; then\n    # print error to STDERR\n    echo \"error: The sandbox is not in sync with the Podfile.lock. Run 'pod install' or update your CocoaPods installation.\" >&2\n    exit 1\nfi\n";
			showEnvVarsInLog = 0;
		};
		5BC7C1936D149E7D163C7009 /* [CP] Check Pods Manifest.lock */ = {
			isa = PBXShellScriptBuildPhase;
			buildActionMask = 2147483647;
			files = (
			);
			inputPaths = (
			);
			name = "[CP] Check Pods Manifest.lock";
			outputPaths = (
			);
			runOnlyForDeploymentPostprocessing = 0;
			shellPath = /bin/sh;
			shellScript = "diff \"${PODS_ROOT}/../Podfile.lock\" \"${PODS_ROOT}/Manifest.lock\" > /dev/null\nif [ $? != 0 ] ; then\n    # print error to STDERR\n    echo \"error: The sandbox is not in sync with the Podfile.lock. Run 'pod install' or update your CocoaPods installation.\" >&2\n    exit 1\nfi\n";
			showEnvVarsInLog = 0;
		};
		7CA8264F613588BAF4A7AE35 /* [CP] Embed Pods Frameworks */ = {
			isa = PBXShellScriptBuildPhase;
			buildActionMask = 2147483647;
			files = (
			);
			inputPaths = (
			);
			name = "[CP] Embed Pods Frameworks";
			outputPaths = (
			);
			runOnlyForDeploymentPostprocessing = 0;
			shellPath = /bin/sh;
			shellScript = "\"${SRCROOT}/Pods/Target Support Files/Pods-ZZToolbar/Pods-ZZToolbar-frameworks.sh\"\n";
			showEnvVarsInLog = 0;
		};
		ACD822DB10BAFAE0DB09793B /* [CP] Embed Pods Frameworks */ = {
			isa = PBXShellScriptBuildPhase;
			buildActionMask = 2147483647;
			files = (
			);
			inputPaths = (
			);
			name = "[CP] Embed Pods Frameworks";
			outputPaths = (
			);
			runOnlyForDeploymentPostprocessing = 0;
			shellPath = /bin/sh;
			shellScript = "\"${SRCROOT}/Pods/Target Support Files/Pods-ZZToolbarTests/Pods-ZZToolbarTests-frameworks.sh\"\n";
			showEnvVarsInLog = 0;
		};
		B127722FB8CB2065CB828F55 /* [CP] Copy Pods Resources */ = {
			isa = PBXShellScriptBuildPhase;
			buildActionMask = 2147483647;
			files = (
			);
			inputPaths = (
			);
			name = "[CP] Copy Pods Resources";
			outputPaths = (
			);
			runOnlyForDeploymentPostprocessing = 0;
			shellPath = /bin/sh;
			shellScript = "\"${SRCROOT}/Pods/Target Support Files/Pods-ZZToolbar/Pods-ZZToolbar-resources.sh\"\n";
			showEnvVarsInLog = 0;
		};
		CB89AAE5C789340C5EC38A97 /* [CP] Copy Pods Resources */ = {
			isa = PBXShellScriptBuildPhase;
			buildActionMask = 2147483647;
			files = (
			);
			inputPaths = (
			);
			name = "[CP] Copy Pods Resources";
			outputPaths = (
			);
			runOnlyForDeploymentPostprocessing = 0;
			shellPath = /bin/sh;
			shellScript = "\"${SRCROOT}/Pods/Target Support Files/Pods-ZZToolbarTests/Pods-ZZToolbarTests-resources.sh\"\n";
			showEnvVarsInLog = 0;
		};
/* End PBXShellScriptBuildPhase section */

/* Begin PBXSourcesBuildPhase section */
		9563BF9E1B2E66CF002E7D37 /* Sources */ = {
			isa = PBXSourcesBuildPhase;
			buildActionMask = 2147483647;
			files = (
				9563BFD31B2E73C9002E7D37 /* ZZEditViewController.m in Sources */,
				9563BFD81B2E7455002E7D37 /* ZZToolbar.m in Sources */,
				9563BFAB1B2E66CF002E7D37 /* AppDelegate.m in Sources */,
				9563BFA81B2E66CF002E7D37 /* main.m in Sources */,
			);
			runOnlyForDeploymentPostprocessing = 0;
		};
		9563BFB71B2E66CF002E7D37 /* Sources */ = {
			isa = PBXSourcesBuildPhase;
			buildActionMask = 2147483647;
			files = (
				9563BFC21B2E66D0002E7D37 /* ZZToolbarTests.m in Sources */,
			);
			runOnlyForDeploymentPostprocessing = 0;
		};
/* End PBXSourcesBuildPhase section */

/* Begin PBXTargetDependency section */
		9563BFBD1B2E66CF002E7D37 /* PBXTargetDependency */ = {
			isa = PBXTargetDependency;
			target = 9563BFA11B2E66CF002E7D37 /* ZZToolbar */;
			targetProxy = 9563BFBC1B2E66CF002E7D37 /* PBXContainerItemProxy */;
		};
/* End PBXTargetDependency section */

/* Begin PBXVariantGroup section */
		9563BFB41B2E66CF002E7D37 /* LaunchScreen.xib */ = {
			isa = PBXVariantGroup;
			children = (
				9563BFB51B2E66CF002E7D37 /* Base */,
			);
			name = LaunchScreen.xib;
			sourceTree = "<group>";
		};
/* End PBXVariantGroup section */

/* Begin XCBuildConfiguration section */
		9563BFC31B2E66D0002E7D37 /* Debug */ = {
			isa = XCBuildConfiguration;
			buildSettings = {
				ALWAYS_SEARCH_USER_PATHS = NO;
				CLANG_CXX_LANGUAGE_STANDARD = "gnu++0x";
				CLANG_CXX_LIBRARY = "libc++";
				CLANG_ENABLE_MODULES = YES;
				CLANG_ENABLE_OBJC_ARC = YES;
				CLANG_WARN_BOOL_CONVERSION = YES;
				CLANG_WARN_CONSTANT_CONVERSION = YES;
				CLANG_WARN_DIRECT_OBJC_ISA_USAGE = YES_ERROR;
				CLANG_WARN_EMPTY_BODY = YES;
				CLANG_WARN_ENUM_CONVERSION = YES;
				CLANG_WARN_INT_CONVERSION = YES;
				CLANG_WARN_OBJC_ROOT_CLASS = YES_ERROR;
				CLANG_WARN_UNREACHABLE_CODE = YES;
				CLANG_WARN__DUPLICATE_METHOD_MATCH = YES;
				"CODE_SIGN_IDENTITY[sdk=iphoneos*]" = "iPhone Developer";
				COPY_PHASE_STRIP = NO;
				DEBUG_INFORMATION_FORMAT = "dwarf-with-dsym";
				ENABLE_STRICT_OBJC_MSGSEND = YES;
				GCC_C_LANGUAGE_STANDARD = gnu99;
				GCC_DYNAMIC_NO_PIC = NO;
				GCC_NO_COMMON_BLOCKS = YES;
				GCC_OPTIMIZATION_LEVEL = 0;
				GCC_PREPROCESSOR_DEFINITIONS = (
					"DEBUG=1",
					"$(inherited)",
				);
				GCC_SYMBOLS_PRIVATE_EXTERN = NO;
				GCC_WARN_64_TO_32_BIT_CONVERSION = YES;
				GCC_WARN_ABOUT_RETURN_TYPE = YES_ERROR;
				GCC_WARN_UNDECLARED_SELECTOR = YES;
				GCC_WARN_UNINITIALIZED_AUTOS = YES_AGGRESSIVE;
				GCC_WARN_UNUSED_FUNCTION = YES;
				GCC_WARN_UNUSED_VARIABLE = YES;
				IPHONEOS_DEPLOYMENT_TARGET = 8.3;
				MTL_ENABLE_DEBUG_INFO = YES;
				ONLY_ACTIVE_ARCH = YES;
				SDKROOT = iphoneos;
				TARGETED_DEVICE_FAMILY = "1,2";
			};
			name = Debug;
		};
		9563BFC41B2E66D0002E7D37 /* Release */ = {
			isa = XCBuildConfiguration;
			buildSettings = {
				ALWAYS_SEARCH_USER_PATHS = NO;
				CLANG_CXX_LANGUAGE_STANDARD = "gnu++0x";
				CLANG_CXX_LIBRARY = "libc++";
				CLANG_ENABLE_MODULES = YES;
				CLANG_ENABLE_OBJC_ARC = YES;
				CLANG_WARN_BOOL_CONVERSION = YES;
				CLANG_WARN_CONSTANT_CONVERSION = YES;
				CLANG_WARN_DIRECT_OBJC_ISA_USAGE = YES_ERROR;
				CLANG_WARN_EMPTY_BODY = YES;
				CLANG_WARN_ENUM_CONVERSION = YES;
				CLANG_WARN_INT_CONVERSION = YES;
				CLANG_WARN_OBJC_ROOT_CLASS = YES_ERROR;
				CLANG_WARN_UNREACHABLE_CODE = YES;
				CLANG_WARN__DUPLICATE_METHOD_MATCH = YES;
				"CODE_SIGN_IDENTITY[sdk=iphoneos*]" = "iPhone Developer";
				COPY_PHASE_STRIP = NO;
				DEBUG_INFORMATION_FORMAT = "dwarf-with-dsym";
				ENABLE_NS_ASSERTIONS = NO;
				ENABLE_STRICT_OBJC_MSGSEND = YES;
				GCC_C_LANGUAGE_STANDARD = gnu99;
				GCC_NO_COMMON_BLOCKS = YES;
				GCC_WARN_64_TO_32_BIT_CONVERSION = YES;
				GCC_WARN_ABOUT_RETURN_TYPE = YES_ERROR;
				GCC_WARN_UNDECLARED_SELECTOR = YES;
				GCC_WARN_UNINITIALIZED_AUTOS = YES_AGGRESSIVE;
				GCC_WARN_UNUSED_FUNCTION = YES;
				GCC_WARN_UNUSED_VARIABLE = YES;
				IPHONEOS_DEPLOYMENT_TARGET = 8.3;
				MTL_ENABLE_DEBUG_INFO = NO;
				SDKROOT = iphoneos;
				TARGETED_DEVICE_FAMILY = "1,2";
				VALIDATE_PRODUCT = YES;
			};
			name = Release;
		};
		9563BFC61B2E66D0002E7D37 /* Debug */ = {
			isa = XCBuildConfiguration;
			baseConfigurationReference = A829D945EEAA2C1015DF1C2C /* Pods-ZZToolbar.debug.xcconfig */;
			buildSettings = {
				ASSETCATALOG_COMPILER_APPICON_NAME = AppIcon;
				INFOPLIST_FILE = ZZToolbar/Info.plist;
				LD_RUNPATH_SEARCH_PATHS = "$(inherited) @executable_path/Frameworks";
				PRODUCT_NAME = "$(TARGET_NAME)";
			};
			name = Debug;
		};
		9563BFC71B2E66D0002E7D37 /* Release */ = {
			isa = XCBuildConfiguration;
			baseConfigurationReference = D36C3A35863F2640CD751941 /* Pods-ZZToolbar.release.xcconfig */;
			buildSettings = {
				ASSETCATALOG_COMPILER_APPICON_NAME = AppIcon;
				INFOPLIST_FILE = ZZToolbar/Info.plist;
				LD_RUNPATH_SEARCH_PATHS = "$(inherited) @executable_path/Frameworks";
				PRODUCT_NAME = "$(TARGET_NAME)";
			};
			name = Release;
		};
		9563BFC91B2E66D0002E7D37 /* Debug */ = {
			isa = XCBuildConfiguration;
			baseConfigurationReference = B59BEFDFC5E671A455E3BBE6 /* Pods-ZZToolbarTests.debug.xcconfig */;
			buildSettings = {
				BUNDLE_LOADER = "$(TEST_HOST)";
				FRAMEWORK_SEARCH_PATHS = (
					"$(SDKROOT)/Developer/Library/Frameworks",
					"$(inherited)",
				);
				GCC_PREPROCESSOR_DEFINITIONS = (
					"DEBUG=1",
					"$(inherited)",
				);
				INFOPLIST_FILE = ZZToolbarTests/Info.plist;
				LD_RUNPATH_SEARCH_PATHS = "$(inherited) @executable_path/Frameworks @loader_path/Frameworks";
				PRODUCT_NAME = "$(TARGET_NAME)";
				TEST_HOST = "$(BUILT_PRODUCTS_DIR)/ZZToolbar.app/ZZToolbar";
			};
			name = Debug;
		};
		9563BFCA1B2E66D0002E7D37 /* Release */ = {
			isa = XCBuildConfiguration;
			baseConfigurationReference = C700EFE0227B047CF3742B89 /* Pods-ZZToolbarTests.release.xcconfig */;
			buildSettings = {
				BUNDLE_LOADER = "$(TEST_HOST)";
				FRAMEWORK_SEARCH_PATHS = (
					"$(SDKROOT)/Developer/Library/Frameworks",
					"$(inherited)",
				);
				INFOPLIST_FILE = ZZToolbarTests/Info.plist;
				LD_RUNPATH_SEARCH_PATHS = "$(inherited) @executable_path/Frameworks @loader_path/Frameworks";
				PRODUCT_NAME = "$(TARGET_NAME)";
				TEST_HOST = "$(BUILT_PRODUCTS_DIR)/ZZToolbar.app/ZZToolbar";
			};
			name = Release;
		};
/* End XCBuildConfiguration section */

/* Begin XCConfigurationList section */
		9563BF9D1B2E66CF002E7D37 /* Build configuration list for PBXProject "ZZToolbar" */ = {
			isa = XCConfigurationList;
			buildConfigurations = (
				9563BFC31B2E66D0002E7D37 /* Debug */,
				9563BFC41B2E66D0002E7D37 /* Release */,
			);
			defaultConfigurationIsVisible = 0;
			defaultConfigurationName = Release;
		};
		9563BFC51B2E66D0002E7D37 /* Build configuration list for PBXNativeTarget "ZZToolbar" */ = {
			isa = XCConfigurationList;
			buildConfigurations = (
				9563BFC61B2E66D0002E7D37 /* Debug */,
				9563BFC71B2E66D0002E7D37 /* Release */,
			);
			defaultConfigurationIsVisible = 0;
			defaultConfigurationName = Release;
		};
		9563BFC81B2E66D0002E7D37 /* Build configuration list for PBXNativeTarget "ZZToolbarTests" */ = {
			isa = XCConfigurationList;
			buildConfigurations = (
				9563BFC91B2E66D0002E7D37 /* Debug */,
				9563BFCA1B2E66D0002E7D37 /* Release */,
			);
			defaultConfigurationIsVisible = 0;
			defaultConfigurationName = Release;
		};
/* End XCConfigurationList section */
	};
	rootObject = 9563BF9A1B2E66CF002E7D37 /* Project object */;
}
